
Microsoft Visual Studio Solution File, Format Version 12.00
# Visual Studio Version 16
VisualStudioVersion = 16.0.32929.386
MinimumVisualStudioVersion = 10.0.40219.1
Project("{8BC9CEB8-8B4A-11D0-8D11-00A0C91BC942}") = "AtensC02", "AtensC02\AtensC02.vcxproj", "{CB169669-DC0A-4A65-9241-C5BF7740B4D9}"
EndProject
Project("{8BC9CEB8-8B4A-11D0-8D11-00A0C91BC942}") = "AtensC01", "AtensC01\AtensC01.vcxproj", "{087502AD-F0A5-4616-A3C5-89D6F7D48689}"
EndProject
Project("{8BC9CEB8-8B4A-11D0-8D11-00A0C91BC942}") = "AtensC03", "AtensC03\AtensC03.vcxproj", "{1232AB37-D88E-4ADF-9C85-6B0ED3BE57F5}"
EndProject
Project("{8BC9CEB8-8B4A-11D0-8D11-00A0C91BC942}") = "AtensCCheckDot", "AtensCCheckdot\AtensCCheckdot.vcxproj", "{8471AA9E-FC84-4F13-8633-33BCF209B6CD}"
EndProject
Project("{8BC9CEB8-8B4A-11D0-8D11-00A0C91BC942}") = "AtensCCheckBox", "AtensCCheckBox\AtensCCheckBox.vcxproj", "{7CDC2A26-607E-4F00-829F-FD77EAC21CD3}"
EndProject
Project("{8BC9CEB8-8B4A-11D0-8D11-00A0C91BC942}") = "AtensC04", "AtensC04\AtensC04.vcxproj", "{0E89080E-4A66-4FF0-8371-1FDCDC2F3686}"
EndProject
Project("{8BC9CEB8-8B4A-11D0-8D11-00A0C91BC942}") = "AtensCSwitchTest", "AtensCTest\AtensCTest.vcxproj", "{9C62A37C-5DE5-4B74-9665-B12A91D5D287}"
EndProject
Project("{8BC9CEB8-8B4A-11D0-8D11-00A0C91BC942}") = "AtensC05", "AtensC05\AtensC05.vcxproj", "{197CF9FD-430C-4310-9336-60E8D0AF53E5}"
EndProject
Project("{8BC9CEB8-8B4A-11D0-8D11-00A0C91BC942}") = "AtensCFullSquare", "AtensCFullSquare\AtensCFullSquare.vcxproj", "{84B318BF-47A8-46E6-B0DE-AB92CAB215E9}"
EndProject
Project("{8BC9CEB8-8B4A-11D0-8D11-00A0C91BC942}") = "AtensC06", "AtensC06\AtensC06.vcxproj", "{3C74A8CB-774A-4782-B2B8-0512A388E4FC}"
EndProject
Project("{8BC9CEB8-8B4A-11D0-8D11-00A0C91BC942}") = "AtensCPointerTest", "AtensCPointerTest\AtensCPointerTest.vcxproj", "{DAC9B6DA-B7A4-418C-BC4D-5438C121CD14}"
EndProject
Project("{8BC9CEB8-8B4A-11D0-8D11-00A0C91BC942}") = "AtensC07", "AtensC07\AtensC07.vcxproj", "{4DDBF525-C876-4588-93BD-7ECE173A8D5A}"
EndProject
Project("{8BC9CEB8-8B4A-11D0-8D11-00A0C91BC942}") = "AtensC08", "AtensC08\AtensC08.vcxproj", "{6E4B9645-5E16-46CA-A146-06611980F033}"
EndProject
Project("{8BC9CEB8-8B4A-11D0-8D11-00A0C91BC942}") = "AtensC09", "AtensC09\AtensC09.vcxproj", "{C12CF0D9-D875-4EA6-B65B-EF19C991BF92}"
EndProject
Project("{8BC9CEB8-8B4A-11D0-8D11-00A0C91BC942}") = "AtensC10", "AtensC10\AtensC10.vcxproj", "{B08BB4C9-27F5-4344-932E-FE73EC29938E}"
EndProject
Project("{8BC9CEB8-8B4A-11D0-8D11-00A0C91BC942}") = "AtensC11", "AtensC11\AtensC11.vcxproj", "{AFAD1290-4013-435D-BDD2-9B7750F613F8}"
EndProject
Project("{8BC9CEB8-8B4A-11D0-8D11-00A0C91BC942}") = "AtensC12", "AtensC12\AtensC12.vcxproj", "{7F8225B1-B6DE-4DF5-8BA1-441301CDCBB1}"
EndProject
Global
	GlobalSection(SolutionConfigurationPlatforms) = preSolution
		Debug|x64 = Debug|x64
		Debug|x86 = Debug|x86
		Release|x64 = Release|x64
		Release|x86 = Release|x86
	EndGlobalSection
	GlobalSection(ProjectConfigurationPlatforms) = postSolution
		{CB169669-DC0A-4A65-9241-C5BF7740B4D9}.Debug|x64.ActiveCfg = Debug|x64
		{CB169669-DC0A-4A65-9241-C5BF7740B4D9}.Debug|x64.Build.0 = Debug|x64
		{CB169669-DC0A-4A65-9241-C5BF7740B4D9}.Debug|x86.ActiveCfg = Debug|Win32
		{CB169669-DC0A-4A65-9241-C5BF7740B4D9}.Debug|x86.Build.0 = Debug|Win32
		{CB169669-DC0A-4A65-9241-C5BF7740B4D9}.Release|x64.ActiveCfg = Release|x64
		{CB169669-DC0A-4A65-9241-C5BF7740B4D9}.Release|x64.Build.0 = Release|x64
		{CB169669-DC0A-4A65-9241-C5BF7740B4D9}.Release|x86.ActiveCfg = Release|Win32
		{CB169669-DC0A-4A65-9241-C5BF7740B4D9}.Release|x86.Build.0 = Release|Win32
		{087502AD-F0A5-4616-A3C5-89D6F7D48689}.Debug|x64.ActiveCfg = Debug|x64
		{087502AD-F0A5-4616-A3C5-89D6F7D48689}.Debug|x64.Build.0 = Debug|x64
		{087502AD-F0A5-4616-A3C5-89D6F7D48689}.Debug|x86.ActiveCfg = Debug|Win32
		{087502AD-F0A5-4616-A3C5-89D6F7D48689}.Debug|x86.Build.0 = Debug|Win32
		{087502AD-F0A5-4616-A3C5-89D6F7D48689}.Release|x64.ActiveCfg = Release|x64
		{087502AD-F0A5-4616-A3C5-89D6F7D48689}.Release|x64.Build.0 = Release|x64
		{087502AD-F0A5-4616-A3C5-89D6F7D48689}.Release|x86.ActiveCfg = Release|Win32
		{087502AD-F0A5-4616-A3C5-89D6F7D48689}.Release|x86.Build.0 = Release|Win32
		{1232AB37-D88E-4ADF-9C85-6B0ED3BE57F5}.Debug|x64.ActiveCfg = Debug|x64
		{1232AB37-D88E-4ADF-9C85-6B0ED3BE57F5}.Debug|x64.Build.0 = Debug|x64
		{1232AB37-D88E-4ADF-9C85-6B0ED3BE57F5}.Debug|x86.ActiveCfg = Debug|Win32
		{1232AB37-D88E-4ADF-9C85-6B0ED3BE57F5}.Debug|x86.Build.0 = Debug|Win32
		{1232AB37-D88E-4ADF-9C85-6B0ED3BE57F5}.Release|x64.ActiveCfg = Release|x64
		{1232AB37-D88E-4ADF-9C85-6B0ED3BE57F5}.Release|x64.Build.0 = Release|x64
		{1232AB37-D88E-4ADF-9C85-6B0ED3BE57F5}.Release|x86.ActiveCfg = Release|Win32
		{1232AB37-D88E-4ADF-9C85-6B0ED3BE57F5}.Release|x86.Build.0 = Release|Win32
		{8471AA9E-FC84-4F13-8633-33BCF209B6CD}.Debug|x64.ActiveCfg = Debug|x64
		{8471AA9E-FC84-4F13-8633-33BCF209B6CD}.Debug|x64.Build.0 = Debug|x64
		{8471AA9E-FC84-4F13-8633-33BCF209B6CD}.Debug|x86.ActiveCfg = Debug|Win32
		{8471AA9E-FC84-4F13-8633-33BCF209B6CD}.Debug|x86.Build.0 = Debug|Win32
		{8471AA9E-FC84-4F13-8633-33BCF209B6CD}.Release|x64.ActiveCfg = Release|x64
		{8471AA9E-FC84-4F13-8633-33BCF209B6CD}.Release|x64.Build.0 = Release|x64
		{8471AA9E-FC84-4F13-8633-33BCF209B6CD}.Release|x86.ActiveCfg = Release|Win32
		{8471AA9E-FC84-4F13-8633-33BCF209B6CD}.Release|x86.Build.0 = Release|Win32
		{7CDC2A26-607E-4F00-829F-FD77EAC21CD3}.Debug|x64.ActiveCfg = Debug|x64
		{7CDC2A26-607E-4F00-829F-FD77EAC21CD3}.Debug|x64.Build.0 = Debug|x64
		{7CDC2A26-607E-4F00-829F-FD77EAC21CD3}.Debug|x86.ActiveCfg = Debug|Win32
		{7CDC2A26-607E-4F00-829F-FD77EAC21CD3}.Debug|x86.Build.0 = Debug|Win32
		{7CDC2A26-607E-4F00-829F-FD77EAC21CD3}.Release|x64.ActiveCfg = Release|x64
		{7CDC2A26-607E-4F00-829F-FD77EAC21CD3}.Release|x64.Build.0 = Release|x64
		{7CDC2A26-607E-4F00-829F-FD77EAC21CD3}.Release|x86.ActiveCfg = Release|Win32
		{7CDC2A26-607E-4F00-829F-FD77EAC21CD3}.Release|x86.Build.0 = Release|Win32
		{0E89080E-4A66-4FF0-8371-1FDCDC2F3686}.Debug|x64.ActiveCfg = Debug|x64
		{0E89080E-4A66-4FF0-8371-1FDCDC2F3686}.Debug|x64.Build.0 = Debug|x64
		{0E89080E-4A66-4FF0-8371-1FDCDC2F3686}.Debug|x86.ActiveCfg = Debug|Win32
		{0E89080E-4A66-4FF0-8371-1FDCDC2F3686}.Debug|x86.Build.0 = Debug|Win32
		{0E89080E-4A66-4FF0-8371-1FDCDC2F3686}.Release|x64.ActiveCfg = Release|x64
		{0E89080E-4A66-4FF0-8371-1FDCDC2F3686}.Release|x64.Build.0 = Release|x64
		{0E89080E-4A66-4FF0-8371-1FDCDC2F3686}.Release|x86.ActiveCfg = Release|Win32
		{0E89080E-4A66-4FF0-8371-1FDCDC2F3686}.Release|x86.Build.0 = Release|Win32
		{9C62A37C-5DE5-4B74-9665-B12A91D5D287}.Debug|x64.ActiveCfg = Debug|x64
		{9C62A37C-5DE5-4B74-9665-B12A91D5D287}.Debug|x64.Build.0 = Debug|x64
		{9C62A37C-5DE5-4B74-9665-B12A91D5D287}.Debug|x86.ActiveCfg = Debug|Win32
		{9C62A37C-5DE5-4B74-9665-B12A91D5D287}.Debug|x86.Build.0 = Debug|Win32
		{9C62A37C-5DE5-4B74-9665-B12A91D5D287}.Release|x64.ActiveCfg = Release|x64
		{9C62A37C-5DE5-4B74-9665-B12A91D5D287}.Release|x64.Build.0 = Release|x64
		{9C62A37C-5DE5-4B74-9665-B12A91D5D287}.Release|x86.ActiveCfg = Release|Win32
		{9C62A37C-5DE5-4B74-9665-B12A91D5D287}.Release|x86.Build.0 = Release|Win32
		{197CF9FD-430C-4310-9336-60E8D0AF53E5}.Debug|x64.ActiveCfg = Debug|x64
		{197CF9FD-430C-4310-9336-60E8D0AF53E5}.Debug|x64.Build.0 = Debug|x64
		{197CF9FD-430C-4310-9336-60E8D0AF53E5}.Debug|x86.ActiveCfg = Debug|Win32
		{197CF9FD-430C-4310-9336-60E8D0AF53E5}.Debug|x86.Build.0 = Debug|Win32
		{197CF9FD-430C-4310-9336-60E8D0AF53E5}.Release|x64.ActiveCfg = Release|x64
		{197CF9FD-430C-4310-9336-60E8D0AF53E5}.Release|x64.Build.0 = Release|x64
		{197CF9FD-430C-4310-9336-60E8D0AF53E5}.Release|x86.ActiveCfg = Release|Win32
		{197CF9FD-430C-4310-9336-60E8D0AF53E5}.Release|x86.Build.0 = Release|Win32
		{84B318BF-47A8-46E6-B0DE-AB92CAB215E9}.Debug|x64.ActiveCfg = Debug|x64
		{84B318BF-47A8-46E6-B0DE-AB92CAB215E9}.Debug|x64.Build.0 = Debug|x64
		{84B318BF-47A8-46E6-B0DE-AB92CAB215E9}.Debug|x86.ActiveCfg = Debug|Win32
		{84B318BF-47A8-46E6-B0DE-AB92CAB215E9}.Debug|x86.Build.0 = Debug|Win32
		{84B318BF-47A8-46E6-B0DE-AB92CAB215E9}.Release|x64.ActiveCfg = Release|x64
		{84B318BF-47A8-46E6-B0DE-AB92CAB215E9}.Release|x64.Build.0 = Release|x64
		{84B318BF-47A8-46E6-B0DE-AB92CAB215E9}.Release|x86.ActiveCfg = Release|Win32
		{84B318BF-47A8-46E6-B0DE-AB92CAB215E9}.Release|x86.Build.0 = Release|Win32
		{3C74A8CB-774A-4782-B2B8-0512A388E4FC}.Debug|x64.ActiveCfg = Debug|x64
		{3C74A8CB-774A-4782-B2B8-0512A388E4FC}.Debug|x64.Build.0 = Debug|x64
		{3C74A8CB-774A-4782-B2B8-0512A388E4FC}.Debug|x86.ActiveCfg = Debug|Win32
		{3C74A8CB-774A-4782-B2B8-0512A388E4FC}.Debug|x86.Build.0 = Debug|Win32
		{3C74A8CB-774A-4782-B2B8-0512A388E4FC}.Release|x64.ActiveCfg = Release|x64
		{3C74A8CB-774A-4782-B2B8-0512A388E4FC}.Release|x64.Build.0 = Release|x64
		{3C74A8CB-774A-4782-B2B8-0512A388E4FC}.Release|x86.ActiveCfg = Release|Win32
		{3C74A8CB-774A-4782-B2B8-0512A388E4FC}.Release|x86.Build.0 = Release|Win32
		{DAC9B6DA-B7A4-418C-BC4D-5438C121CD14}.Debug|x64.ActiveCfg = Debug|x64
		{DAC9B6DA-B7A4-418C-BC4D-5438C121CD14}.Debug|x64.Build.0 = Debug|x64
		{DAC9B6DA-B7A4-418C-BC4D-5438C121CD14}.Debug|x86.ActiveCfg = Debug|Win32
		{DAC9B6DA-B7A4-418C-BC4D-5438C121CD14}.Debug|x86.Build.0 = Debug|Win32
		{DAC9B6DA-B7A4-418C-BC4D-5438C121CD14}.Release|x64.ActiveCfg = Release|x64
		{DAC9B6DA-B7A4-418C-BC4D-5438C121CD14}.Release|x64.Build.0 = Release|x64
		{DAC9B6DA-B7A4-418C-BC4D-5438C121CD14}.Release|x86.ActiveCfg = Release|Win32
		{DAC9B6DA-B7A4-418C-BC4D-5438C121CD14}.Release|x86.Build.0 = Release|Win32
		{4DDBF525-C876-4588-93BD-7ECE173A8D5A}.Debug|x64.ActiveCfg = Debug|x64
		{4DDBF525-C876-4588-93BD-7ECE173A8D5A}.Debug|x64.Build.0 = Debug|x64
		{4DDBF525-C876-4588-93BD-7ECE173A8D5A}.Debug|x86.ActiveCfg = Debug|Win32
		{4DDBF525-C876-4588-93BD-7ECE173A8D5A}.Debug|x86.Build.0 = Debug|Win32
		{4DDBF525-C876-4588-93BD-7ECE173A8D5A}.Release|x64.ActiveCfg = Release|x64
		{4DDBF525-C876-4588-93BD-7ECE173A8D5A}.Release|x64.Build.0 = Release|x64
		{4DDBF525-C876-4588-93BD-7ECE173A8D5A}.Release|x86.ActiveCfg = Release|Win32
		{4DDBF525-C876-4588-93BD-7ECE173A8D5A}.Release|x86.Build.0 = Release|Win32
		{6E4B9645-5E16-46CA-A146-06611980F033}.Debug|x64.ActiveCfg = Debug|x64
		{6E4B9645-5E16-46CA-A146-06611980F033}.Debug|x64.Build.0 = Debug|x64
		{6E4B9645-5E16-46CA-A146-06611980F033}.Debug|x86.ActiveCfg = Debug|Win32
		{6E4B9645-5E16-46CA-A146-06611980F033}.Debug|x86.Build.0 = Debug|Win32
		{6E4B9645-5E16-46CA-A146-06611980F033}.Release|x64.ActiveCfg = Release|x64
		{6E4B9645-5E16-46CA-A146-06611980F033}.Release|x64.Build.0 = Release|x64
		{6E4B9645-5E16-46CA-A146-06611980F033}.Release|x86.ActiveCfg = Release|Win32
		{6E4B9645-5E16-46CA-A146-06611980F033}.Release|x86.Build.0 = Release|Win32
		{C12CF0D9-D875-4EA6-B65B-EF19C991BF92}.Debug|x64.ActiveCfg = Debug|x64
		{C12CF0D9-D875-4EA6-B65B-EF19C991BF92}.Debug|x64.Build.0 = Debug|x64
		{C12CF0D9-D875-4EA6-B65B-EF19C991BF92}.Debug|x86.ActiveCfg = Debug|Win32
		{C12CF0D9-D875-4EA6-B65B-EF19C991BF92}.Debug|x86.Build.0 = Debug|Win32
		{C12CF0D9-D875-4EA6-B65B-EF19C991BF92}.Release|x64.ActiveCfg = Release|x64
		{C12CF0D9-D875-4EA6-B65B-EF19C991BF92}.Release|x64.Build.0 = Release|x64
		{C12CF0D9-D875-4EA6-B65B-EF19C991BF92}.Release|x86.ActiveCfg = Release|Win32
		{C12CF0D9-D875-4EA6-B65B-EF19C991BF92}.Release|x86.Build.0 = Release|Win32
		{B08BB4C9-27F5-4344-932E-FE73EC29938E}.Debug|x64.ActiveCfg = Debug|x64
		{B08BB4C9-27F5-4344-932E-FE73EC29938E}.Debug|x64.Build.0 = Debug|x64
		{B08BB4C9-27F5-4344-932E-FE73EC29938E}.Debug|x86.ActiveCfg = Debug|Win32
		{B08BB4C9-27F5-4344-932E-FE73EC29938E}.Debug|x86.Build.0 = Debug|Win32
		{B08BB4C9-27F5-4344-932E-FE73EC29938E}.Release|x64.ActiveCfg = Release|x64
		{B08BB4C9-27F5-4344-932E-FE73EC29938E}.Release|x64.Build.0 = Release|x64
		{B08BB4C9-27F5-4344-932E-FE73EC29938E}.Release|x86.ActiveCfg = Release|Win32
		{B08BB4C9-27F5-4344-932E-FE73EC29938E}.Release|x86.Build.0 = Release|Win32
		{AFAD1290-4013-435D-BDD2-9B7750F613F8}.Debug|x64.ActiveCfg = Debug|x64
		{AFAD1290-4013-435D-BDD2-9B7750F613F8}.Debug|x64.Build.0 = Debug|x64
		{AFAD1290-4013-435D-BDD2-9B7750F613F8}.Debug|x86.ActiveCfg = Debug|Win32
		{AFAD1290-4013-435D-BDD2-9B7750F613F8}.Debug|x86.Build.0 = Debug|Win32
		{AFAD1290-4013-435D-BDD2-9B7750F613F8}.Release|x64.ActiveCfg = Release|x64
		{AFAD1290-4013-435D-BDD2-9B7750F613F8}.Release|x64.Build.0 = Release|x64
		{AFAD1290-4013-435D-BDD2-9B7750F613F8}.Release|x86.ActiveCfg = Release|Win32
		{AFAD1290-4013-435D-BDD2-9B7750F613F8}.Release|x86.Build.0 = Release|Win32
		{7F8225B1-B6DE-4DF5-8BA1-441301CDCBB1}.Debug|x64.ActiveCfg = Debug|x64
		{7F8225B1-B6DE-4DF5-8BA1-441301CDCBB1}.Debug|x64.Build.0 = Debug|x64
		{7F8225B1-B6DE-4DF5-8BA1-441301CDCBB1}.Debug|x86.ActiveCfg = Debug|Win32
		{7F8225B1-B6DE-4DF5-8BA1-441301CDCBB1}.Debug|x86.Build.0 = Debug|Win32
		{7F8225B1-B6DE-4DF5-8BA1-441301CDCBB1}.Release|x64.ActiveCfg = Release|x64
		{7F8225B1-B6DE-4DF5-8BA1-441301CDCBB1}.Release|x64.Build.0 = Release|x64
		{7F8225B1-B6DE-4DF5-8BA1-441301CDCBB1}.Release|x86.ActiveCfg = Release|Win32
		{7F8225B1-B6DE-4DF5-8BA1-441301CDCBB1}.Release|x86.Build.0 = Release|Win32
	EndGlobalSection
	GlobalSection(SolutionProperties) = preSolution
		HideSolutionNode = FALSE
	EndGlobalSection
	GlobalSection(ExtensibilityGlobals) = postSolution
		SolutionGuid = {9A729EC7-B2CD-4249-B0E9-224CA171EBB0}
	EndGlobalSection
EndGlobal
